{
  "name": "@sui/button",
  "version": "0.0.1",
  "lockfileVersion": 2,
  "requires": true,
  "packages": {
    "": {
      "name": "@sui/button",
      "version": "0.0.1",
      "license": "UNLICENSED",
      "devDependencies": {
        "@smui/button": "^1.0.0",
        "svelte-mui": "^0.3.3-4"
      }
    },
    "node_modules/@material/animation": {
      "version": "3.1.0",
      "resolved": "http://localhost:4873/@material%2fanimation/-/animation-3.1.0.tgz",
      "integrity": "sha512-ZfP95awrPBLhpaCTPNx+xKYPp2D88fzf5p5YNVp6diUAGRpq3g12Aq7qJfIHDXAFo5CtrYhgOKRqIKxUVcFisQ==",
      "dev": true,
      "license": "MIT",
      "dependencies": {
        "tslib": "^1.9.3"
      }
    },
    "node_modules/@material/base": {
      "version": "3.1.0",
      "resolved": "http://localhost:4873/@material%2fbase/-/base-3.1.0.tgz",
      "integrity": "sha512-pWEBHyPrMV3rdnjqWWH96h5t3MxQI6V1J9jOor+UBG7bXQtr6InTabTqhz5CLY7r+qZU8YvNh2OKIy8heP0cyQ==",
      "dev": true,
      "license": "MIT",
      "dependencies": {
        "tslib": "^1.9.3"
      }
    },
    "node_modules/@material/button": {
      "version": "3.2.0",
      "resolved": "http://localhost:4873/@material%2fbutton/-/button-3.2.0.tgz",
      "integrity": "sha512-VEASy3Dtc7BCo8/cuUIp6w0+/l4U1myGZffK5GeFVInP/erStSQOmYXT7jGXkZpUglRzWOpVvEpc6nsvhMqGbw==",
      "dev": true,
      "license": "MIT",
      "dependencies": {
        "@material/elevation": "^3.1.0",
        "@material/feature-targeting": "^3.1.0",
        "@material/ripple": "^3.2.0",
        "@material/rtl": "^3.2.0",
        "@material/shape": "^3.1.0",
        "@material/theme": "^3.1.0",
        "@material/typography": "^3.1.0"
      }
    },
    "node_modules/@material/dom": {
      "version": "3.1.0",
      "resolved": "http://localhost:4873/@material%2fdom/-/dom-3.1.0.tgz",
      "integrity": "sha512-RtBLSkrBjMfHwknaGBifAIC8cBWF9pXjz2IYqfI2braB6SfQI4vhdJviwyiA5BmA/psn3cKpBUZbHI0ym0O0SQ==",
      "dev": true,
      "license": "MIT",
      "dependencies": {
        "tslib": "^1.9.3"
      }
    },
    "node_modules/@material/elevation": {
      "version": "3.1.0",
      "resolved": "http://localhost:4873/@material%2felevation/-/elevation-3.1.0.tgz",
      "integrity": "sha512-e45LqiG6LfbR1M52YkSLA7pQPeYJOuOVzLp27xy2072TnLuJexMxhEaG4O1novEIjsTtMjqfrfJ/koODU5vEew==",
      "dev": true,
      "license": "MIT",
      "dependencies": {
        "@material/animation": "^3.1.0",
        "@material/feature-targeting": "^3.1.0",
        "@material/theme": "^3.1.0"
      }
    },
    "node_modules/@material/feature-targeting": {
      "version": "3.1.0",
      "resolved": "http://localhost:4873/@material%2ffeature-targeting/-/feature-targeting-3.1.0.tgz",
      "integrity": "sha512-aXAa1Pv6w32URacE9LfMsl9zI6hFwx1K0Lp3Xpyf4rAkmaAB6z0gOkhicOrVFc0f64YheJgHjE7hJFieVenQdw==",
      "dev": true,
      "license": "MIT"
    },
    "node_modules/@material/ripple": {
      "version": "3.2.0",
      "resolved": "http://localhost:4873/@material%2fripple/-/ripple-3.2.0.tgz",
      "integrity": "sha512-GtwkfNakALmfGLs6TpdFIVeAWjRqbyT7WfEw9aU7elUokABfHES+O0KoSKQSMQiSQ8Vjl90MONzNsN1Evi/1YQ==",
      "dev": true,
      "license": "MIT",
      "dependencies": {
        "@material/animation": "^3.1.0",
        "@material/base": "^3.1.0",
        "@material/dom": "^3.1.0",
        "@material/feature-targeting": "^3.1.0",
        "@material/theme": "^3.1.0",
        "tslib": "^1.9.3"
      }
    },
    "node_modules/@material/rtl": {
      "version": "3.2.0",
      "resolved": "http://localhost:4873/@material%2frtl/-/rtl-3.2.0.tgz",
      "integrity": "sha512-L/w9m9Yx1ceOw/VjEfeJoqD4rW9QP3IBb9MamXAg3qUi/zsztoXD/FUw179pxkLn4huFFNlVYZ4Y1y6BpM0PMA==",
      "dev": true,
      "license": "MIT"
    },
    "node_modules/@material/shape": {
      "version": "3.1.0",
      "resolved": "http://localhost:4873/@material%2fshape/-/shape-3.1.0.tgz",
      "integrity": "sha512-Oyvs7YjHfByA0e9IVVp7ojAlPwgSu3Bl0cioiE0OdkidkAaNu0izM2ryRzMBDH5o8+lRD0kpZoT+9CVVCdaYIg==",
      "dev": true,
      "license": "MIT",
      "dependencies": {
        "@material/feature-targeting": "^3.1.0"
      }
    },
    "node_modules/@material/theme": {
      "version": "3.1.0",
      "resolved": "http://localhost:4873/@material%2ftheme/-/theme-3.1.0.tgz",
      "integrity": "sha512-N4JX+akOwg1faAvFvIEhDcwW4cZfUpwEn8lct6Vs3WczjLF6/KdIoLVaYh+eVl1bzfsoIuWvx56j0B1PjXZw9g==",
      "dev": true,
      "license": "MIT",
      "dependencies": {
        "@material/feature-targeting": "^3.1.0"
      }
    },
    "node_modules/@material/typography": {
      "version": "3.1.0",
      "resolved": "http://localhost:4873/@material%2ftypography/-/typography-3.1.0.tgz",
      "integrity": "sha512-aSNBQvVxIH1kORSYdLGuSTivx6oJ1MSOSTUAsUwhXPQLQlvbdFeZaqUp7xgn+EvRsHGRFhWk5YGuiBds9+7zQg==",
      "dev": true,
      "license": "MIT",
      "dependencies": {
        "@material/feature-targeting": "^3.1.0"
      }
    },
    "node_modules/@smui/button": {
      "version": "1.0.0",
      "resolved": "http://localhost:4873/@smui%2fbutton/-/button-1.0.0.tgz",
      "integrity": "sha512-m7Q/aJVOZJGeySmAgiU9eOWcqsFYse5OFw+gMQ0jrWcdS9vI3uAFVMyLNz244aVnj2d6Y6/GMIrb8q6uGJJvsA==",
      "dev": true,
      "license": "Apache-2.0",
      "dependencies": {
        "@material/button": "^3.2.0",
        "@material/elevation": "^3.1.0",
        "@material/feature-targeting": "^3.1.0",
        "@smui/common": "^1.0.0",
        "@smui/ripple": "^1.0.0"
      }
    },
    "node_modules/@smui/common": {
      "version": "1.0.0",
      "resolved": "http://localhost:4873/@smui%2fcommon/-/common-1.0.0.tgz",
      "integrity": "sha512-bNBor5yjUjMxoZWUeSOO16hmKoRTTVh77lUeT+6dnLkHXuuknYWFyOoHhL00t+HZEpzmG1OdVL5WK8/s6VoHjA==",
      "dev": true,
      "license": "Apache-2.0",
      "dependencies": {
        "svelte": "^3.0"
      }
    },
    "node_modules/@smui/ripple": {
      "version": "1.0.0",
      "resolved": "http://localhost:4873/@smui%2fripple/-/ripple-1.0.0.tgz",
      "integrity": "sha512-hx8aOtkiY8eFsMKTaQ++8tWeeu/s5URRIsPg7yk1BlzjKHa9KutiCbBzZXITsNmD2ZCe/wBebTZut41ymkJtRQ==",
      "dev": true,
      "license": "Apache-2.0",
      "dependencies": {
        "@material/ripple": "^3.2.0"
      }
    },
    "node_modules/svelte": {
      "version": "3.30.0",
      "resolved": "http://localhost:4873/svelte/-/svelte-3.30.0.tgz",
      "integrity": "sha512-z+hdIACb9TROGvJBQWcItMtlr4s0DBUgJss6qWrtFkOoIInkG+iAMo/FJZQFyDBQZc+dul2+TzYSi/tpTT5/Ag==",
      "dev": true,
      "license": "MIT",
      "engines": {
        "node": ">= 8"
      }
    },
    "node_modules/svelte-mui": {
      "version": "0.3.3-4",
      "resolved": "http://localhost:4873/svelte-mui/-/svelte-mui-0.3.3-4.tgz",
      "integrity": "sha512-FytBWkvTQFLCqqkoFHkldGWcKj/vg8Qqinv/NH98VzGyAWY5xrK6alZw1HXmWXWGRKTl2AR6zeOf7ZO0aYoI4g==",
      "dev": true,
      "license": "MIT",
      "peerDependencies": {
        "svelte": "^3.18.0"
      }
    },
    "node_modules/tslib": {
      "version": "1.14.1",
      "resolved": "http://localhost:4873/tslib/-/tslib-1.14.1.tgz",
      "integrity": "sha512-Xni35NKzjgMrwevysHTCArtLDpPvye8zV/0E4EyYn43P7/7qvQwPh9BGkHewbMulVntbigmcT7rdX3BNo9wRJg==",
      "dev": true,
      "license": "0BSD"
    }
  },
  "dependencies": {
    "@material/animation": {
      "version": "3.1.0",
      "resolved": "http://localhost:4873/@material%2fanimation/-/animation-3.1.0.tgz",
      "integrity": "sha512-ZfP95awrPBLhpaCTPNx+xKYPp2D88fzf5p5YNVp6diUAGRpq3g12Aq7qJfIHDXAFo5CtrYhgOKRqIKxUVcFisQ==",
      "dev": true,
      "requires": {
        "tslib": "^1.9.3"
      }
    },
    "@material/base": {
      "version": "3.1.0",
      "resolved": "http://localhost:4873/@material%2fbase/-/base-3.1.0.tgz",
      "integrity": "sha512-pWEBHyPrMV3rdnjqWWH96h5t3MxQI6V1J9jOor+UBG7bXQtr6InTabTqhz5CLY7r+qZU8YvNh2OKIy8heP0cyQ==",
      "dev": true,
      "requires": {
        "tslib": "^1.9.3"
      }
    },
    "@material/button": {
      "version": "3.2.0",
      "resolved": "http://localhost:4873/@material%2fbutton/-/button-3.2.0.tgz",
      "integrity": "sha512-VEASy3Dtc7BCo8/cuUIp6w0+/l4U1myGZffK5GeFVInP/erStSQOmYXT7jGXkZpUglRzWOpVvEpc6nsvhMqGbw==",
      "dev": true,
      "requires": {
        "@material/elevation": "^3.1.0",
        "@material/feature-targeting": "^3.1.0",
        "@material/ripple": "^3.2.0",
        "@material/rtl": "^3.2.0",
        "@material/shape": "^3.1.0",
        "@material/theme": "^3.1.0",
        "@material/typography": "^3.1.0"
      }
    },
    "@material/dom": {
      "version": "3.1.0",
      "resolved": "http://localhost:4873/@material%2fdom/-/dom-3.1.0.tgz",
      "integrity": "sha512-RtBLSkrBjMfHwknaGBifAIC8cBWF9pXjz2IYqfI2braB6SfQI4vhdJviwyiA5BmA/psn3cKpBUZbHI0ym0O0SQ==",
      "dev": true,
      "requires": {
        "tslib": "^1.9.3"
      }
    },
    "@material/elevation": {
      "version": "3.1.0",
      "resolved": "http://localhost:4873/@material%2felevation/-/elevation-3.1.0.tgz",
      "integrity": "sha512-e45LqiG6LfbR1M52YkSLA7pQPeYJOuOVzLp27xy2072TnLuJexMxhEaG4O1novEIjsTtMjqfrfJ/koODU5vEew==",
      "dev": true,
      "requires": {
        "@material/animation": "^3.1.0",
        "@material/feature-targeting": "^3.1.0",
        "@material/theme": "^3.1.0"
      }
    },
    "@material/feature-targeting": {
      "version": "3.1.0",
      "resolved": "http://localhost:4873/@material%2ffeature-targeting/-/feature-targeting-3.1.0.tgz",
      "integrity": "sha512-aXAa1Pv6w32URacE9LfMsl9zI6hFwx1K0Lp3Xpyf4rAkmaAB6z0gOkhicOrVFc0f64YheJgHjE7hJFieVenQdw==",
      "dev": true
    },
    "@material/ripple": {
      "version": "3.2.0",
      "resolved": "http://localhost:4873/@material%2fripple/-/ripple-3.2.0.tgz",
      "integrity": "sha512-GtwkfNakALmfGLs6TpdFIVeAWjRqbyT7WfEw9aU7elUokABfHES+O0KoSKQSMQiSQ8Vjl90MONzNsN1Evi/1YQ==",
      "dev": true,
      "requires": {
        "@material/animation": "^3.1.0",
        "@material/base": "^3.1.0",
        "@material/dom": "^3.1.0",
        "@material/feature-targeting": "^3.1.0",
        "@material/theme": "^3.1.0",
        "tslib": "^1.9.3"
      }
    },
    "@material/rtl": {
      "version": "3.2.0",
      "resolved": "http://localhost:4873/@material%2frtl/-/rtl-3.2.0.tgz",
      "integrity": "sha512-L/w9m9Yx1ceOw/VjEfeJoqD4rW9QP3IBb9MamXAg3qUi/zsztoXD/FUw179pxkLn4huFFNlVYZ4Y1y6BpM0PMA==",
      "dev": true
    },
    "@material/shape": {
      "version": "3.1.0",
      "resolved": "http://localhost:4873/@material%2fshape/-/shape-3.1.0.tgz",
      "integrity": "sha512-Oyvs7YjHfByA0e9IVVp7ojAlPwgSu3Bl0cioiE0OdkidkAaNu0izM2ryRzMBDH5o8+lRD0kpZoT+9CVVCdaYIg==",
      "dev": true,
      "requires": {
        "@material/feature-targeting": "^3.1.0"
      }
    },
    "@material/theme": {
      "version": "3.1.0",
      "resolved": "http://localhost:4873/@material%2ftheme/-/theme-3.1.0.tgz",
      "integrity": "sha512-N4JX+akOwg1faAvFvIEhDcwW4cZfUpwEn8lct6Vs3WczjLF6/KdIoLVaYh+eVl1bzfsoIuWvx56j0B1PjXZw9g==",
      "dev": true,
      "requires": {
        "@material/feature-targeting": "^3.1.0"
      }
    },
    "@material/typography": {
      "version": "3.1.0",
      "resolved": "http://localhost:4873/@material%2ftypography/-/typography-3.1.0.tgz",
      "integrity": "sha512-aSNBQvVxIH1kORSYdLGuSTivx6oJ1MSOSTUAsUwhXPQLQlvbdFeZaqUp7xgn+EvRsHGRFhWk5YGuiBds9+7zQg==",
      "dev": true,
      "requires": {
        "@material/feature-targeting": "^3.1.0"
      }
    },
    "@smui/button": {
      "version": "1.0.0",
      "resolved": "http://localhost:4873/@smui%2fbutton/-/button-1.0.0.tgz",
      "integrity": "sha512-m7Q/aJVOZJGeySmAgiU9eOWcqsFYse5OFw+gMQ0jrWcdS9vI3uAFVMyLNz244aVnj2d6Y6/GMIrb8q6uGJJvsA==",
      "dev": true,
      "requires": {
        "@material/button": "^3.2.0",
        "@material/elevation": "^3.1.0",
        "@material/feature-targeting": "^3.1.0",
        "@smui/common": "^1.0.0",
        "@smui/ripple": "^1.0.0"
      }
    },
    "@smui/common": {
      "version": "1.0.0",
      "resolved": "http://localhost:4873/@smui%2fcommon/-/common-1.0.0.tgz",
      "integrity": "sha512-bNBor5yjUjMxoZWUeSOO16hmKoRTTVh77lUeT+6dnLkHXuuknYWFyOoHhL00t+HZEpzmG1OdVL5WK8/s6VoHjA==",
      "dev": true,
      "requires": {
        "svelte": "^3.0"
      }
    },
    "@smui/ripple": {
      "version": "1.0.0",
      "resolved": "http://localhost:4873/@smui%2fripple/-/ripple-1.0.0.tgz",
      "integrity": "sha512-hx8aOtkiY8eFsMKTaQ++8tWeeu/s5URRIsPg7yk1BlzjKHa9KutiCbBzZXITsNmD2ZCe/wBebTZut41ymkJtRQ==",
      "dev": true,
      "requires": {
        "@material/ripple": "^3.2.0"
      }
    },
    "svelte": {
      "version": "3.30.0",
      "resolved": "http://localhost:4873/svelte/-/svelte-3.30.0.tgz",
      "integrity": "sha512-z+hdIACb9TROGvJBQWcItMtlr4s0DBUgJss6qWrtFkOoIInkG+iAMo/FJZQFyDBQZc+dul2+TzYSi/tpTT5/Ag==",
      "dev": true
    },
    "svelte-mui": {
      "version": "0.3.3-4",
      "resolved": "http://localhost:4873/svelte-mui/-/svelte-mui-0.3.3-4.tgz",
      "integrity": "sha512-FytBWkvTQFLCqqkoFHkldGWcKj/vg8Qqinv/NH98VzGyAWY5xrK6alZw1HXmWXWGRKTl2AR6zeOf7ZO0aYoI4g==",
      "dev": true,
      "requires": {}
    },
    "tslib": {
      "version": "1.14.1",
      "resolved": "http://localhost:4873/tslib/-/tslib-1.14.1.tgz",
      "integrity": "sha512-Xni35NKzjgMrwevysHTCArtLDpPvye8zV/0E4EyYn43P7/7qvQwPh9BGkHewbMulVntbigmcT7rdX3BNo9wRJg==",
      "dev": true
    }
  }
}
