{
  "name": "sui",
  "version": "0.6.8",
  "lockfileVersion": 1,
  "requires": true,
  "dependencies": {
    "@sui/autocomplete": {
      "version": "0.6.8",
      "resolved": "http://localhost:1234/@sui%2fautocomplete/-/autocomplete-0.6.8.tgz",
      "integrity": "sha512-yRntNSqeZwDmXPD8LZf7iVJGiCSD1AS+q8MgN+IBDOwcXr/U0nOQneclGWiRt9ogcvaswr8SyVsv8BufDDxYUw==",
      "requires": {
        "@sui/notifications": "^0.5.25",
        "@sui/utils": "^0.5.25",
        "svelte-awesome": "^2.3.0"
      },
      "dependencies": {
        "@sui/notifications": {
          "version": "0.5.25",
          "resolved": "http://localhost:1234/@sui%2fnotifications/-/notifications-0.5.25.tgz",
          "integrity": "sha512-ycPnTCvSNi1zWWPy6RRnYRUgexFJaGmnDtx6DPPImE6Taf/mP1rMBNAcuNEQ7ramkFTCsrb0B6TK5VIEqZ6x9g==",
          "requires": {
            "@sui/utils": "^0.1.37"
          },
          "dependencies": {
            "@sui/utils": {
              "version": "0.1.37",
              "resolved": "http://localhost:1234/@sui%2futils/-/utils-0.1.37.tgz",
              "integrity": "sha512-rBLW58MYQMKHU7rYBHtsrb0tdBf5pfPLWLiH6aH5PfwmwDbsJX4oEMZM9zkvuAFu7+KfZM4zZx/JF68jR4OU3Q=="
            }
          }
        },
        "@sui/utils": {
          "version": "0.5.25",
          "resolved": "http://localhost:1234/@sui%2futils/-/utils-0.5.25.tgz",
          "integrity": "sha512-cLgHqndIKvbbVeAujVhz9ftk9eSPYbwBWB1XYhsqEHzdql1t1CP7hx1rI/ad1kjiAHPMbeYbUrNVUeJVdN1r7A=="
        }
      }
    },
    "@sui/buttondelete": {
      "version": "0.6.8",
      "resolved": "http://localhost:1234/@sui%2fbuttondelete/-/buttondelete-0.6.8.tgz",
      "integrity": "sha512-uDm9ptJasEbUo4aUbYZunmm8B0p+gr3yRJeeBFTg79NunsijnmrVzug6NIKWOiPYAVebQaQK21k1D+26oy0y7w=="
    },
    "@sui/color_utils": {
      "version": "0.6.8",
      "resolved": "http://localhost:1234/@sui%2fcolor_utils/-/color_utils-0.6.8.tgz",
      "integrity": "sha512-gD9lFrabUchWKF/tVVvezVW99o0qU4DxlJzhhyiyAaFkraMGIzWovzTNwD4FLSliBxIbJuevt9KXxPxJmQ0b1w=="
    },
    "@sui/common": {
      "version": "0.6.8",
      "resolved": "http://localhost:1234/@sui%2fcommon/-/common-0.6.8.tgz",
      "integrity": "sha512-Y3FP9+ig00WLIcPgTT0rXZCPWCcB9VYv4IlxE8quqX3eLET8HIu7j2TQB7P58dGb5DAtzot1QK3QcaZL/2+lWQ==",
      "requires": {
        "@sui/utils": "^0.5.25"
      },
      "dependencies": {
        "@sui/utils": {
          "version": "0.5.25",
          "resolved": "http://localhost:1234/@sui%2futils/-/utils-0.5.25.tgz",
          "integrity": "sha512-cLgHqndIKvbbVeAujVhz9ftk9eSPYbwBWB1XYhsqEHzdql1t1CP7hx1rI/ad1kjiAHPMbeYbUrNVUeJVdN1r7A=="
        }
      }
    },
    "@sui/grid": {
      "version": "0.6.8",
      "resolved": "http://localhost:1234/@sui%2fgrid/-/grid-0.6.8.tgz",
      "integrity": "sha512-Q7/QyuOv2cIRI0vIQ6vxSkGb05owfNpItCoiDpZaiGlVVKOLlMH9bIbv/5AQOeclU9Xc7/ZqJMBMArZaQni8pA==",
      "requires": {
        "@sui/utils": "^0.5.25"
      },
      "dependencies": {
        "@sui/utils": {
          "version": "0.5.25",
          "resolved": "http://localhost:1234/@sui%2futils/-/utils-0.5.25.tgz",
          "integrity": "sha512-cLgHqndIKvbbVeAujVhz9ftk9eSPYbwBWB1XYhsqEHzdql1t1CP7hx1rI/ad1kjiAHPMbeYbUrNVUeJVdN1r7A=="
        }
      }
    },
    "@sui/icon": {
      "version": "0.6.8",
      "resolved": "http://localhost:1234/@sui%2ficon/-/icon-0.6.8.tgz",
      "integrity": "sha512-DDMWepLvoBNmBuRvnKW5aGb/qgwaGUv73mMoVGn5Z7261T4+EekMsqbzBRR4Ng2FogKcvQX+sSdgc7P2wHv29A=="
    },
    "@sui/lazyimage": {
      "version": "0.6.8",
      "resolved": "http://localhost:1234/@sui%2flazyimage/-/lazyimage-0.6.8.tgz",
      "integrity": "sha512-iTmhB4uO2bMkenniH6X5208lIrLEH4Ugh9km3UZYO1KX/p+eDnQ+eSlAsiAEcxz7NhhuVpN47aZMFJY3rQMc8Q==",
      "requires": {
        "@sui/utils": "^0.5.25"
      },
      "dependencies": {
        "@sui/utils": {
          "version": "0.5.25",
          "resolved": "http://localhost:1234/@sui%2futils/-/utils-0.5.25.tgz",
          "integrity": "sha512-cLgHqndIKvbbVeAujVhz9ftk9eSPYbwBWB1XYhsqEHzdql1t1CP7hx1rI/ad1kjiAHPMbeYbUrNVUeJVdN1r7A=="
        }
      }
    },
    "@sui/modal": {
      "version": "0.6.8",
      "resolved": "http://localhost:1234/@sui%2fmodal/-/modal-0.6.8.tgz",
      "integrity": "sha512-IoznjNl8BxdreNJ569Po5lP4Jhd5opifXva606oQevUO/1o/3zOLsZxrZ0lbiVE9IsKHKs0/LcSxX+bnQ9/2tQ==",
      "requires": {
        "@sui/buttondelete": "^0.1.37"
      },
      "dependencies": {
        "@sui/buttondelete": {
          "version": "0.1.37",
          "resolved": "http://localhost:1234/@sui%2fbuttondelete/-/buttondelete-0.1.37.tgz",
          "integrity": "sha512-1IPtNO5pJpJ/Z8VEUlLUxmNv4dEyZQRxgMOO7Jm6FEY9dqaAZqoTNoA88uIwdRrWDzmNn+fCKA4paVEzqmffbw=="
        }
      }
    },
    "@sui/notifications": {
      "version": "0.6.8",
      "resolved": "http://localhost:1234/@sui%2fnotifications/-/notifications-0.6.8.tgz",
      "integrity": "sha512-KWr1EyX8Gu0fiY+PsF2a0jh6OJ0+0i+PeiUT4AhsaJ5/JIxiSHMlq3cKkLS9Vo2fEV5RVWiZk7jVRXkEC8dBYw==",
      "requires": {
        "@sui/utils": "^0.1.37"
      },
      "dependencies": {
        "@sui/utils": {
          "version": "0.1.37",
          "resolved": "http://localhost:1234/@sui%2futils/-/utils-0.1.37.tgz",
          "integrity": "sha512-rBLW58MYQMKHU7rYBHtsrb0tdBf5pfPLWLiH6aH5PfwmwDbsJX4oEMZM9zkvuAFu7+KfZM4zZx/JF68jR4OU3Q=="
        }
      }
    },
    "@sui/theme": {
      "version": "0.6.8",
      "resolved": "http://localhost:1234/@sui%2ftheme/-/theme-0.6.8.tgz",
      "integrity": "sha512-OgAggCYDwzLZcKWb2LLDaPXIm87gXaH37TYy0YH5IPoj3QV0CnJ/eB6tJAIJo8qZcqHiN/8cg5mCBpdnjaA0Zw=="
    },
    "@sui/themer": {
      "version": "0.6.8",
      "resolved": "http://localhost:1234/@sui%2fthemer/-/themer-0.6.8.tgz",
      "integrity": "sha512-rqyej46BRlgla5lGTKd75LW+9/HOwuVfFuLSiwlyzlVBlKu+v6S/ccBpmXA0TQRvFL2pBdwRnZkmeoLrUkA5hg=="
    },
    "@sui/utils": {
      "version": "0.6.8",
      "resolved": "http://localhost:1234/@sui%2futils/-/utils-0.6.8.tgz",
      "integrity": "sha512-yWhGYxAXXhNxkzu9X3VfusybeAjdVI9mwveVMuxBFbMOfRIirgHndruRy7cRU5fXEnbbJjTRDaxxR99TwEkhhw=="
    },
    "@sui/viewport": {
      "version": "0.6.8",
      "resolved": "http://localhost:1234/@sui%2fviewport/-/viewport-0.6.8.tgz",
      "integrity": "sha512-SU1tN71fQAapDvq1jaKuWAbxLvzhH073lmvQngjqrCUtTiCcb8vWRIGgJ9dr+iYczaqt5wvDIEBFcCK7YImYhw=="
    },
    "svelte": {
      "version": "3.22.3",
      "resolved": "http://localhost:1234/svelte/-/svelte-3.22.3.tgz",
      "integrity": "sha512-DumSy5eWPFPlMUGf3+eHyFSkt5yLqyAmMdCuXOE4qc5GtFyLxwTAGKZmgKmW2jmbpTTeFQ/fSQfDBQbl9Eo7yw=="
    },
    "svelte-awesome": {
      "version": "2.3.0",
      "resolved": "http://localhost:1234/svelte-awesome/-/svelte-awesome-2.3.0.tgz",
      "integrity": "sha512-xXU3XYJmr5PK9e3pCpW6feU/tNpAhERWDrgDxkC0DU6LNum02zzc00I17bmUWTSRdKLf+IFbA5hWvCm1V8g+/A==",
      "requires": {
        "svelte": "^3.15.0"
      }
    }
  }
}
