{
  "name": "sui_popmenu",
  "version": "0.7.0",
  "lockfileVersion": 2,
  "requires": true,
  "packages": {
    "": {
      "name": "sui_popmenu",
      "version": "0.7.0",
      "license": "MIT",
      "dependencies": {
        "sui_helpers": "^0.8.0",
        "sui_ripple": "^0.7.1"
      }
    },
    "node_modules/sui_helpers": {
      "version": "0.8.0",
      "resolved": "https://registry.npmjs.org/sui_helpers/-/sui_helpers-0.8.0.tgz",
      "integrity": "sha512-9sRQMKzheon6fJAhUrNRnPZTWN69gihvMrBa3PevYJlMtjJRlAQTasSApZ46c6rGN8TOLm8VTtNpJqR9JSWzYQ=="
    },
    "node_modules/sui_ripple": {
      "version": "0.7.1",
      "resolved": "https://registry.npmjs.org/sui_ripple/-/sui_ripple-0.7.1.tgz",
      "integrity": "sha512-VdWaZV2M4JJyqOICJEuwEA4xPYnHafssejcNP8UqfO8YtsN6+Hi1GjpBgFm+H1V0twCCUSn6S/VBW8421JeUlA=="
    }
  },
  "dependencies": {
    "sui_helpers": {
      "version": "0.8.0",
      "resolved": "https://registry.npmjs.org/sui_helpers/-/sui_helpers-0.8.0.tgz",
      "integrity": "sha512-9sRQMKzheon6fJAhUrNRnPZTWN69gihvMrBa3PevYJlMtjJRlAQTasSApZ46c6rGN8TOLm8VTtNpJqR9JSWzYQ=="
    },
    "sui_ripple": {
      "version": "0.7.1",
      "resolved": "https://registry.npmjs.org/sui_ripple/-/sui_ripple-0.7.1.tgz",
      "integrity": "sha512-VdWaZV2M4JJyqOICJEuwEA4xPYnHafssejcNP8UqfO8YtsN6+Hi1GjpBgFm+H1V0twCCUSn6S/VBW8421JeUlA=="
    }
  }
}
