{
  "name": "@sui/modal",
  "version": "0.6.10",
  "lockfileVersion": 2,
  "requires": true,
  "packages": {
    "": {
      "name": "@sui/modal",
      "version": "0.6.10",
      "license": "UNLICENSED",
      "dependencies": {
        "@sui/buttondelete": "^0.6.8"
      }
    },
    "node_modules/@sui/buttondelete": {
      "version": "0.6.8",
      "resolved": "http://localhost:4873/@sui%2fbuttondelete/-/buttondelete-0.6.8.tgz",
      "integrity": "sha512-v/oqvwRJ/uYhS/rNZvZPXllzTAy/V3BLg465K2rvTNRNXRayW8U3LqOhVwBh9qhKSNqBK+2opfWhHeEVwfoBCQ==",
      "license": "UNLICENSED"
    }
  },
  "dependencies": {
    "@sui/buttondelete": {
      "version": "0.6.8",
      "resolved": "http://localhost:4873/@sui%2fbuttondelete/-/buttondelete-0.6.8.tgz",
      "integrity": "sha512-v/oqvwRJ/uYhS/rNZvZPXllzTAy/V3BLg465K2rvTNRNXRayW8U3LqOhVwBh9qhKSNqBK+2opfWhHeEVwfoBCQ=="
    }
  }
}
