{
  "name": "sui_modal",
  "version": "0.7.0",
  "lockfileVersion": 2,
  "requires": true,
  "packages": {
    "": {
      "name": "sui_modal",
      "version": "0.7.0",
      "license": "MIT",
      "dependencies": {
        "sui_buttondelete": "^0.7.0"
      }
    },
    "node_modules/sui_buttondelete": {
      "version": "0.7.0",
      "resolved": "https://registry.npmjs.org/sui_buttondelete/-/sui_buttondelete-0.7.0.tgz",
      "integrity": "sha512-xAwzLm51bj5hCOkyU+86GEmSARmL7i0LGrxCJ19bZ55sfuOreuJXs+GLUmHhxGCgCLdHY9XdqhW4L0ug7d6SKg=="
    }
  },
  "dependencies": {
    "sui_buttondelete": {
      "version": "0.7.0",
      "resolved": "https://registry.npmjs.org/sui_buttondelete/-/sui_buttondelete-0.7.0.tgz",
      "integrity": "sha512-xAwzLm51bj5hCOkyU+86GEmSARmL7i0LGrxCJ19bZ55sfuOreuJXs+GLUmHhxGCgCLdHY9XdqhW4L0ug7d6SKg=="
    }
  }
}
