{
  "name": "@sui/common",
  "version": "0.5.25",
  "lockfileVersion": 1,
  "requires": true,
  "dependencies": {
    "@sui/utils": {
      "version": "0.5.25",
      "resolved": "http://localhost:1234/@sui%2futils/-/utils-0.5.25.tgz",
      "integrity": "sha512-cLgHqndIKvbbVeAujVhz9ftk9eSPYbwBWB1XYhsqEHzdql1t1CP7hx1rI/ad1kjiAHPMbeYbUrNVUeJVdN1r7A=="
    }
  }
}
