{
  "name": "@sui/notifications",
  "version": "0.1.37",
  "lockfileVersion": 1,
  "requires": true,
  "dependencies": {
    "@sui/utils": {
      "version": "0.1.37",
      "resolved": "http://localhost:1234/@sui%2futils/-/utils-0.1.37.tgz",
      "integrity": "sha512-rBLW58MYQMKHU7rYBHtsrb0tdBf5pfPLWLiH6aH5PfwmwDbsJX4oEMZM9zkvuAFu7+KfZM4zZx/JF68jR4OU3Q=="
    }
  }
}
